
Microsoft Visual Studio Solution File, Format Version 12.00
# Visual Studio Version 17
VisualStudioVersion = 17.3.32929.385
MinimumVisualStudioVersion = 10.0.40219.1
Project("{FAE04EC0-301F-11D3-BF4B-00C04F79EFBC}") = "UploadFile", "ClassLibrary1\UploadFile.csproj", "{F1E8FC52-9A3A-478A-A7E2-7017E40D1471}"
EndProject
Global
	GlobalSection(SolutionConfigurationPlatforms) = preSolution
		Debug|Any CPU = Debug|Any CPU
		Release|Any CPU = Release|Any CPU
	EndGlobalSection
	GlobalSection(ProjectConfigurationPlatforms) = postSolution
		{F1E8FC52-9A3A-478A-A7E2-7017E40D1471}.Debug|Any CPU.ActiveCfg = Debug|Any CPU
		{F1E8FC52-9A3A-478A-A7E2-7017E40D1471}.Debug|Any CPU.Build.0 = Debug|Any CPU
		{F1E8FC52-9A3A-478A-A7E2-7017E40D1471}.Release|Any CPU.ActiveCfg = Release|Any CPU
		{F1E8FC52-9A3A-478A-A7E2-7017E40D1471}.Release|Any CPU.Build.0 = Release|Any CPU
	EndGlobalSection
	GlobalSection(SolutionProperties) = preSolution
		HideSolutionNode = FALSE
	EndGlobalSection
	GlobalSection(ExtensibilityGlobals) = postSolution
		SolutionGuid = {F2173067-F2FF-4B68-8B9E-F14729A6008D}
	EndGlobalSection
EndGlobal
